// !$*UTF8*$!
{
	archiveVersion = 1;
	classes = {
	};
	objectVersion = 46;
	objects = {

/* Begin PBXBuildFile section */
		BDDBC2931A0E925000C1D2C9 /* main.m in Sources */ = {isa = PBXBuildFile; fileRef = BDDBC2921A0E925000C1D2C9 /* main.m */; };
		BDDBC2961A0E925000C1D2C9 /* MoviePlayerAppDelegate.m in Sources */ = {isa = PBXBuildFile; fileRef = BDDBC2951A0E925000C1D2C9 /* MoviePlayerAppDelegate.m */; };
		BDDBC2991A0E925000C1D2C9 /* MyMovieViewController.m in Sources */ = {isa = PBXBuildFile; fileRef = BDDBC2981A0E925000C1D2C9 /* MyMovieViewController.m */; };
		BDDBC29C1A0E925000C1D2C9 /* Main.storyboard in Resources */ = {isa = PBXBuildFile; fileRef = BDDBC29A1A0E925000C1D2C9 /* Main.storyboard */; };
		BDDBC29E1A0E925000C1D2C9 /* Images.xcassets in Resources */ = {isa = PBXBuildFile; fileRef = BDDBC29D1A0E925000C1D2C9 /* Images.xcassets */; };
		BDDBC2A11A0E925000C1D2C9 /* LaunchScreen.xib in Resources */ = {isa = PBXBuildFile; fileRef = BDDBC29F1A0E925000C1D2C9 /* LaunchScreen.xib */; };
		BDDBC2AD1A0E925000C1D2C9 /* StreamingTests.m in Sources */ = {isa = PBXBuildFile; fileRef = BDDBC2AC1A0E925000C1D2C9 /* StreamingTests.m */; };
		BDDBC2B71A0E93EF00C1D2C9 /* MediaPlayer.framework in Frameworks */ = {isa = PBXBuildFile; fileRef = BDDBC2B61A0E93EF00C1D2C9 /* MediaPlayer.framework */; };
		BDDBC2BA1A10F1EB00C1D2C9 /* MoviePlayerUserPrefs.m in Sources */ = {isa = PBXBuildFile; fileRef = BDDBC2B91A10F1EB00C1D2C9 /* MoviePlayerUserPrefs.m */; };
		BDDBC2BD1A10F38000C1D2C9 /* MyImageView.m in Sources */ = {isa = PBXBuildFile; fileRef = BDDBC2BC1A10F38000C1D2C9 /* MyImageView.m */; };
		BDDBC2C01A10F4E900C1D2C9 /* MyLocalMovieViewController.m in Sources */ = {isa = PBXBuildFile; fileRef = BDDBC2BF1A10F4E900C1D2C9 /* MyLocalMovieViewController.m */; };
		BDDBC2C61A10F72400C1D2C9 /* MyOverlayViewController.m in Sources */ = {isa = PBXBuildFile; fileRef = BDDBC2C51A10F72400C1D2C9 /* MyOverlayViewController.m */; };
		BDDBC2C91A10F8BA00C1D2C9 /* MyStreamingMovieViewController.m in Sources */ = {isa = PBXBuildFile; fileRef = BDDBC2C81A10F8BA00C1D2C9 /* MyStreamingMovieViewController.m */; };
/* End PBXBuildFile section */

/* Begin PBXContainerItemProxy section */
		BDDBC2A71A0E925000C1D2C9 /* PBXContainerItemProxy */ = {
			isa = PBXContainerItemProxy;
			containerPortal = BDDBC2851A0E925000C1D2C9 /* Project object */;
			proxyType = 1;
			remoteGlobalIDString = BDDBC28C1A0E925000C1D2C9;
			remoteInfo = Streaming;
		};
/* End PBXContainerItemProxy section */

/* Begin PBXFileReference section */
		BDDBC28D1A0E925000C1D2C9 /* Streaming.app */ = {isa = PBXFileReference; explicitFileType = wrapper.application; includeInIndex = 0; path = Streaming.app; sourceTree = BUILT_PRODUCTS_DIR; };
		BDDBC2911A0E925000C1D2C9 /* Info.plist */ = {isa = PBXFileReference; lastKnownFileType = text.plist.xml; path = Info.plist; sourceTree = "<group>"; };
		BDDBC2921A0E925000C1D2C9 /* main.m */ = {isa = PBXFileReference; lastKnownFileType = sourcecode.c.objc; path = main.m; sourceTree = "<group>"; };
		BDDBC2941A0E925000C1D2C9 /* MoviePlayerAppDelegate.h */ = {isa = PBXFileReference; lastKnownFileType = sourcecode.c.h; path = MoviePlayerAppDelegate.h; sourceTree = "<group>"; };
		BDDBC2951A0E925000C1D2C9 /* MoviePlayerAppDelegate.m */ = {isa = PBXFileReference; lastKnownFileType = sourcecode.c.objc; path = MoviePlayerAppDelegate.m; sourceTree = "<group>"; };
		BDDBC2971A0E925000C1D2C9 /* MyMovieViewController.h */ = {isa = PBXFileReference; lastKnownFileType = sourcecode.c.h; path = MyMovieViewController.h; sourceTree = "<group>"; };
		BDDBC2981A0E925000C1D2C9 /* MyMovieViewController.m */ = {isa = PBXFileReference; lastKnownFileType = sourcecode.c.objc; path = MyMovieViewController.m; sourceTree = "<group>"; };
		BDDBC29B1A0E925000C1D2C9 /* Base */ = {isa = PBXFileReference; lastKnownFileType = file.storyboard; name = Base; path = Base.lproj/Main.storyboard; sourceTree = "<group>"; };
		BDDBC29D1A0E925000C1D2C9 /* Images.xcassets */ = {isa = PBXFileReference; lastKnownFileType = folder.assetcatalog; path = Images.xcassets; sourceTree = "<group>"; };
		BDDBC2A01A0E925000C1D2C9 /* Base */ = {isa = PBXFileReference; lastKnownFileType = file.xib; name = Base; path = Base.lproj/LaunchScreen.xib; sourceTree = "<group>"; };
		BDDBC2A61A0E925000C1D2C9 /* StreamingTests.xctest */ = {isa = PBXFileReference; explicitFileType = wrapper.cfbundle; includeInIndex = 0; path = StreamingTests.xctest; sourceTree = BUILT_PRODUCTS_DIR; };
		BDDBC2AB1A0E925000C1D2C9 /* Info.plist */ = {isa = PBXFileReference; lastKnownFileType = text.plist.xml; path = Info.plist; sourceTree = "<group>"; };
		BDDBC2AC1A0E925000C1D2C9 /* StreamingTests.m */ = {isa = PBXFileReference; lastKnownFileType = sourcecode.c.objc; path = StreamingTests.m; sourceTree = "<group>"; };
		BDDBC2B61A0E93EF00C1D2C9 /* MediaPlayer.framework */ = {isa = PBXFileReference; lastKnownFileType = wrapper.framework; name = MediaPlayer.framework; path = System/Library/Frameworks/MediaPlayer.framework; sourceTree = SDKROOT; };
		BDDBC2B81A10F1EB00C1D2C9 /* MoviePlayerUserPrefs.h */ = {isa = PBXFileReference; fileEncoding = 4; lastKnownFileType = sourcecode.c.h; path = MoviePlayerUserPrefs.h; sourceTree = "<group>"; };
		BDDBC2B91A10F1EB00C1D2C9 /* MoviePlayerUserPrefs.m */ = {isa = PBXFileReference; fileEncoding = 4; lastKnownFileType = sourcecode.c.objc; path = MoviePlayerUserPrefs.m; sourceTree = "<group>"; };
		BDDBC2BB1A10F38000C1D2C9 /* MyImageView.h */ = {isa = PBXFileReference; fileEncoding = 4; lastKnownFileType = sourcecode.c.h; path = MyImageView.h; sourceTree = "<group>"; };
		BDDBC2BC1A10F38000C1D2C9 /* MyImageView.m */ = {isa = PBXFileReference; fileEncoding = 4; lastKnownFileType = sourcecode.c.objc; path = MyImageView.m; sourceTree = "<group>"; };
		BDDBC2BE1A10F4E900C1D2C9 /* MyLocalMovieViewController.h */ = {isa = PBXFileReference; fileEncoding = 4; lastKnownFileType = sourcecode.c.h; path = MyLocalMovieViewController.h; sourceTree = "<group>"; };
		BDDBC2BF1A10F4E900C1D2C9 /* MyLocalMovieViewController.m */ = {isa = PBXFileReference; fileEncoding = 4; lastKnownFileType = sourcecode.c.objc; path = MyLocalMovieViewController.m; sourceTree = "<group>"; };
		BDDBC2C41A10F72400C1D2C9 /* MyOverlayViewController.h */ = {isa = PBXFileReference; fileEncoding = 4; lastKnownFileType = sourcecode.c.h; path = MyOverlayViewController.h; sourceTree = "<group>"; };
		BDDBC2C51A10F72400C1D2C9 /* MyOverlayViewController.m */ = {isa = PBXFileReference; fileEncoding = 4; lastKnownFileType = sourcecode.c.objc; path = MyOverlayViewController.m; sourceTree = "<group>"; };
		BDDBC2C71A10F8BA00C1D2C9 /* MyStreamingMovieViewController.h */ = {isa = PBXFileReference; fileEncoding = 4; lastKnownFileType = sourcecode.c.h; path = MyStreamingMovieViewController.h; sourceTree = "<group>"; };
		BDDBC2C81A10F8BA00C1D2C9 /* MyStreamingMovieViewController.m */ = {isa = PBXFileReference; fileEncoding = 4; lastKnownFileType = sourcecode.c.objc; path = MyStreamingMovieViewController.m; sourceTree = "<group>"; };
/* End PBXFileReference section */

/* Begin PBXFrameworksBuildPhase section */
		BDDBC28A1A0E925000C1D2C9 /* Frameworks */ = {
			isa = PBXFrameworksBuildPhase;
			buildActionMask = 2147483647;
			files = (
				BDDBC2B71A0E93EF00C1D2C9 /* MediaPlayer.framework in Frameworks */,
			);
			runOnlyForDeploymentPostprocessing = 0;
		};
		BDDBC2A31A0E925000C1D2C9 /* Frameworks */ = {
			isa = PBXFrameworksBuildPhase;
			buildActionMask = 2147483647;
			files = (
			);
			runOnlyForDeploymentPostprocessing = 0;
		};
/* End PBXFrameworksBuildPhase section */

/* Begin PBXGroup section */
		BDDBC2841A0E925000C1D2C9 = {
			isa = PBXGroup;
			children = (
				BDDBC2B61A0E93EF00C1D2C9 /* MediaPlayer.framework */,
				BDDBC28F1A0E925000C1D2C9 /* Streaming */,
				BDDBC2A91A0E925000C1D2C9 /* StreamingTests */,
				BDDBC28E1A0E925000C1D2C9 /* Products */,
			);
			sourceTree = "<group>";
		};
		BDDBC28E1A0E925000C1D2C9 /* Products */ = {
			isa = PBXGroup;
			children = (
				BDDBC28D1A0E925000C1D2C9 /* Streaming.app */,
				BDDBC2A61A0E925000C1D2C9 /* StreamingTests.xctest */,
			);
			name = Products;
			sourceTree = "<group>";
		};
		BDDBC28F1A0E925000C1D2C9 /* Streaming */ = {
			isa = PBXGroup;
			children = (
				BDDBC2941A0E925000C1D2C9 /* MoviePlayerAppDelegate.h */,
				BDDBC2951A0E925000C1D2C9 /* MoviePlayerAppDelegate.m */,
				BDDBC2971A0E925000C1D2C9 /* MyMovieViewController.h */,
				BDDBC2981A0E925000C1D2C9 /* MyMovieViewController.m */,
				BDDBC2B81A10F1EB00C1D2C9 /* MoviePlayerUserPrefs.h */,
				BDDBC2C41A10F72400C1D2C9 /* MyOverlayViewController.h */,
				BDDBC2C51A10F72400C1D2C9 /* MyOverlayViewController.m */,
				BDDBC2C71A10F8BA00C1D2C9 /* MyStreamingMovieViewController.h */,
				BDDBC2C81A10F8BA00C1D2C9 /* MyStreamingMovieViewController.m */,
				BDDBC2B91A10F1EB00C1D2C9 /* MoviePlayerUserPrefs.m */,
				BDDBC2BB1A10F38000C1D2C9 /* MyImageView.h */,
				BDDBC2BC1A10F38000C1D2C9 /* MyImageView.m */,
				BDDBC2BE1A10F4E900C1D2C9 /* MyLocalMovieViewController.h */,
				BDDBC2BF1A10F4E900C1D2C9 /* MyLocalMovieViewController.m */,
				BDDBC29A1A0E925000C1D2C9 /* Main.storyboard */,
				BDDBC29D1A0E925000C1D2C9 /* Images.xcassets */,
				BDDBC29F1A0E925000C1D2C9 /* LaunchScreen.xib */,
				BDDBC2901A0E925000C1D2C9 /* Supporting Files */,
			);
			path = Streaming;
			sourceTree = "<group>";
		};
		BDDBC2901A0E925000C1D2C9 /* Supporting Files */ = {
			isa = PBXGroup;
			children = (
				BDDBC2911A0E925000C1D2C9 /* Info.plist */,
				BDDBC2921A0E925000C1D2C9 /* main.m */,
			);
			name = "Supporting Files";
			sourceTree = "<group>";
		};
		BDDBC2A91A0E925000C1D2C9 /* StreamingTests */ = {
			isa = PBXGroup;
			children = (
				BDDBC2AC1A0E925000C1D2C9 /* StreamingTests.m */,
				BDDBC2AA1A0E925000C1D2C9 /* Supporting Files */,
			);
			path = StreamingTests;
			sourceTree = "<group>";
		};
		BDDBC2AA1A0E925000C1D2C9 /* Supporting Files */ = {
			isa = PBXGroup;
			children = (
				BDDBC2AB1A0E925000C1D2C9 /* Info.plist */,
			);
			name = "Supporting Files";
			sourceTree = "<group>";
		};
/* End PBXGroup section */

/* Begin PBXNativeTarget section */
		BDDBC28C1A0E925000C1D2C9 /* Streaming */ = {
			isa = PBXNativeTarget;
			buildConfigurationList = BDDBC2B01A0E925000C1D2C9 /* Build configuration list for PBXNativeTarget "Streaming" */;
			buildPhases = (
				BDDBC2891A0E925000C1D2C9 /* Sources */,
				BDDBC28A1A0E925000C1D2C9 /* Frameworks */,
				BDDBC28B1A0E925000C1D2C9 /* Resources */,
			);
			buildRules = (
			);
			dependencies = (
			);
			name = Streaming;
			productName = Streaming;
			productReference = BDDBC28D1A0E925000C1D2C9 /* Streaming.app */;
			productType = "com.apple.product-type.application";
		};
		BDDBC2A51A0E925000C1D2C9 /* StreamingTests */ = {
			isa = PBXNativeTarget;
			buildConfigurationList = BDDBC2B31A0E925000C1D2C9 /* Build configuration list for PBXNativeTarget "StreamingTests" */;
			buildPhases = (
				BDDBC2A21A0E925000C1D2C9 /* Sources */,
				BDDBC2A31A0E925000C1D2C9 /* Frameworks */,
				BDDBC2A41A0E925000C1D2C9 /* Resources */,
			);
			buildRules = (
			);
			dependencies = (
				BDDBC2A81A0E925000C1D2C9 /* PBXTargetDependency */,
			);
			name = StreamingTests;
			productName = StreamingTests;
			productReference = BDDBC2A61A0E925000C1D2C9 /* StreamingTests.xctest */;
			productType = "com.apple.product-type.bundle.unit-test";
		};
/* End PBXNativeTarget section */

/* Begin PBXProject section */
		BDDBC2851A0E925000C1D2C9 /* Project object */ = {
			isa = PBXProject;
			attributes = {
				LastUpgradeCheck = 0610;
				ORGANIZATIONNAME = "Olusesan Ajina";
				TargetAttributes = {
					BDDBC28C1A0E925000C1D2C9 = {
						CreatedOnToolsVersion = 6.1;
					};
					BDDBC2A51A0E925000C1D2C9 = {
						CreatedOnToolsVersion = 6.1;
						TestTargetID = BDDBC28C1A0E925000C1D2C9;
					};
				};
			};
			buildConfigurationList = BDDBC2881A0E925000C1D2C9 /* Build configuration list for PBXProject "Streaming" */;
			compatibilityVersion = "Xcode 3.2";
			developmentRegion = English;
			hasScannedForEncodings = 0;
			knownRegions = (
				en,
				Base,
			);
			mainGroup = BDDBC2841A0E925000C1D2C9;
			productRefGroup = BDDBC28E1A0E925000C1D2C9 /* Products */;
			projectDirPath = "";
			projectRoot = "";
			targets = (
				BDDBC28C1A0E925000C1D2C9 /* Streaming */,
				BDDBC2A51A0E925000C1D2C9 /* StreamingTests */,
			);
		};
/* End PBXProject section */

/* Begin PBXResourcesBuildPhase section */
		BDDBC28B1A0E925000C1D2C9 /* Resources */ = {
			isa = PBXResourcesBuildPhase;
			buildActionMask = 2147483647;
			files = (
				BDDBC29C1A0E925000C1D2C9 /* Main.storyboard in Resources */,
				BDDBC2A11A0E925000C1D2C9 /* LaunchScreen.xib in Resources */,
				BDDBC29E1A0E925000C1D2C9 /* Images.xcassets in Resources */,
			);
			runOnlyForDeploymentPostprocessing = 0;
		};
		BDDBC2A41A0E925000C1D2C9 /* Resources */ = {
			isa = PBXResourcesBuildPhase;
			buildActionMask = 2147483647;
			files = (
			);
			runOnlyForDeploymentPostprocessing = 0;
		};
/* End PBXResourcesBuildPhase section */

/* Begin PBXSourcesBuildPhase section */
		BDDBC2891A0E925000C1D2C9 /* Sources */ = {
			isa = PBXSourcesBuildPhase;
			buildActionMask = 2147483647;
			files = (
				BDDBC2991A0E925000C1D2C9 /* MyMovieViewController.m in Sources */,
				BDDBC2BA1A10F1EB00C1D2C9 /* MoviePlayerUserPrefs.m in Sources */,
				BDDBC2961A0E925000C1D2C9 /* MoviePlayerAppDelegate.m in Sources */,
				BDDBC2C61A10F72400C1D2C9 /* MyOverlayViewController.m in Sources */,
				BDDBC2C91A10F8BA00C1D2C9 /* MyStreamingMovieViewController.m in Sources */,
				BDDBC2C01A10F4E900C1D2C9 /* MyLocalMovieViewController.m in Sources */,
				BDDBC2931A0E925000C1D2C9 /* main.m in Sources */,
				BDDBC2BD1A10F38000C1D2C9 /* MyImageView.m in Sources */,
			);
			runOnlyForDeploymentPostprocessing = 0;
		};
		BDDBC2A21A0E925000C1D2C9 /* Sources */ = {
			isa = PBXSourcesBuildPhase;
			buildActionMask = 2147483647;
			files = (
				BDDBC2AD1A0E925000C1D2C9 /* StreamingTests.m in Sources */,
			);
			runOnlyForDeploymentPostprocessing = 0;
		};
/* End PBXSourcesBuildPhase section */

/* Begin PBXTargetDependency section */
		BDDBC2A81A0E925000C1D2C9 /* PBXTargetDependency */ = {
			isa = PBXTargetDependency;
			target = BDDBC28C1A0E925000C1D2C9 /* Streaming */;
			targetProxy = BDDBC2A71A0E925000C1D2C9 /* PBXContainerItemProxy */;
		};
/* End PBXTargetDependency section */

/* Begin PBXVariantGroup section */
		BDDBC29A1A0E925000C1D2C9 /* Main.storyboard */ = {
			isa = PBXVariantGroup;
			children = (
				BDDBC29B1A0E925000C1D2C9 /* Base */,
			);
			name = Main.storyboard;
			sourceTree = "<group>";
		};
		BDDBC29F1A0E925000C1D2C9 /* LaunchScreen.xib */ = {
			isa = PBXVariantGroup;
			children = (
				BDDBC2A01A0E925000C1D2C9 /* Base */,
			);
			name = LaunchScreen.xib;
			sourceTree = "<group>";
		};
/* End PBXVariantGroup section */

/* Begin XCBuildConfiguration section */
		BDDBC2AE1A0E925000C1D2C9 /* Debug */ = {
			isa = XCBuildConfiguration;
			buildSettings = {
				ALWAYS_SEARCH_USER_PATHS = NO;
				CLANG_CXX_LANGUAGE_STANDARD = "gnu++0x";
				CLANG_CXX_LIBRARY = "libc++";
				CLANG_ENABLE_MODULES = YES;
				CLANG_ENABLE_OBJC_ARC = YES;
				CLANG_WARN_BOOL_CONVERSION = YES;
				CLANG_WARN_CONSTANT_CONVERSION = YES;
				CLANG_WARN_DIRECT_OBJC_ISA_USAGE = YES_ERROR;
				CLANG_WARN_EMPTY_BODY = YES;
				CLANG_WARN_ENUM_CONVERSION = YES;
				CLANG_WARN_INT_CONVERSION = YES;
				CLANG_WARN_OBJC_ROOT_CLASS = YES_ERROR;
				CLANG_WARN_UNREACHABLE_CODE = YES;
				CLANG_WARN__DUPLICATE_METHOD_MATCH = YES;
				"CODE_SIGN_IDENTITY[sdk=iphoneos*]" = "iPhone Developer";
				COPY_PHASE_STRIP = NO;
				ENABLE_STRICT_OBJC_MSGSEND = YES;
				GCC_C_LANGUAGE_STANDARD = gnu99;
				GCC_DYNAMIC_NO_PIC = NO;
				GCC_OPTIMIZATION_LEVEL = 0;
				GCC_PREPROCESSOR_DEFINITIONS = (
					"DEBUG=1",
					"$(inherited)",
				);
				GCC_SYMBOLS_PRIVATE_EXTERN = NO;
				GCC_WARN_64_TO_32_BIT_CONVERSION = YES;
				GCC_WARN_ABOUT_RETURN_TYPE = YES_ERROR;
				GCC_WARN_UNDECLARED_SELECTOR = YES;
				GCC_WARN_UNINITIALIZED_AUTOS = YES_AGGRESSIVE;
				GCC_WARN_UNUSED_FUNCTION = YES;
				GCC_WARN_UNUSED_VARIABLE = YES;
				IPHONEOS_DEPLOYMENT_TARGET = 8.1;
				MTL_ENABLE_DEBUG_INFO = YES;
				ONLY_ACTIVE_ARCH = YES;
				SDKROOT = iphoneos;
			};
			name = Debug;
		};
		BDDBC2AF1A0E925000C1D2C9 /* Release */ = {
			isa = XCBuildConfiguration;
			buildSettings = {
				ALWAYS_SEARCH_USER_PATHS = NO;
				CLANG_CXX_LANGUAGE_STANDARD = "gnu++0x";
				CLANG_CXX_LIBRARY = "libc++";
				CLANG_ENABLE_MODULES = YES;
				CLANG_ENABLE_OBJC_ARC = YES;
				CLANG_WARN_BOOL_CONVERSION = YES;
				CLANG_WARN_CONSTANT_CONVERSION = YES;
				CLANG_WARN_DIRECT_OBJC_ISA_USAGE = YES_ERROR;
				CLANG_WARN_EMPTY_BODY = YES;
				CLANG_WARN_ENUM_CONVERSION = YES;
				CLANG_WARN_INT_CONVERSION = YES;
				CLANG_WARN_OBJC_ROOT_CLASS = YES_ERROR;
				CLANG_WARN_UNREACHABLE_CODE = YES;
				CLANG_WARN__DUPLICATE_METHOD_MATCH = YES;
				"CODE_SIGN_IDENTITY[sdk=iphoneos*]" = "iPhone Developer";
				COPY_PHASE_STRIP = YES;
				ENABLE_NS_ASSERTIONS = NO;
				ENABLE_STRICT_OBJC_MSGSEND = YES;
				GCC_C_LANGUAGE_STANDARD = gnu99;
				GCC_WARN_64_TO_32_BIT_CONVERSION = YES;
				GCC_WARN_ABOUT_RETURN_TYPE = YES_ERROR;
				GCC_WARN_UNDECLARED_SELECTOR = YES;
				GCC_WARN_UNINITIALIZED_AUTOS = YES_AGGRESSIVE;
				GCC_WARN_UNUSED_FUNCTION = YES;
				GCC_WARN_UNUSED_VARIABLE = YES;
				IPHONEOS_DEPLOYMENT_TARGET = 8.1;
				MTL_ENABLE_DEBUG_INFO = NO;
				SDKROOT = iphoneos;
				VALIDATE_PRODUCT = YES;
			};
			name = Release;
		};
		BDDBC2B11A0E925000C1D2C9 /* Debug */ = {
			isa = XCBuildConfiguration;
			buildSettings = {
				ASSETCATALOG_COMPILER_APPICON_NAME = AppIcon;
				INFOPLIST_FILE = Streaming/Info.plist;
				LD_RUNPATH_SEARCH_PATHS = "$(inherited) @executable_path/Frameworks";
				PRODUCT_NAME = "$(TARGET_NAME)";
			};
			name = Debug;
		};
		BDDBC2B21A0E925000C1D2C9 /* Release */ = {
			isa = XCBuildConfiguration;
			buildSettings = {
				ASSETCATALOG_COMPILER_APPICON_NAME = AppIcon;
				INFOPLIST_FILE = Streaming/Info.plist;
				LD_RUNPATH_SEARCH_PATHS = "$(inherited) @executable_path/Frameworks";
				PRODUCT_NAME = "$(TARGET_NAME)";
			};
			name = Release;
		};
		BDDBC2B41A0E925000C1D2C9 /* Debug */ = {
			isa = XCBuildConfiguration;
			buildSettings = {
				BUNDLE_LOADER = "$(TEST_HOST)";
				FRAMEWORK_SEARCH_PATHS = (
					"$(SDKROOT)/Developer/Library/Frameworks",
					"$(inherited)",
				);
				GCC_PREPROCESSOR_DEFINITIONS = (
					"DEBUG=1",
					"$(inherited)",
				);
				INFOPLIST_FILE = StreamingTests/Info.plist;
				LD_RUNPATH_SEARCH_PATHS = "$(inherited) @executable_path/Frameworks @loader_path/Frameworks";
				PRODUCT_NAME = "$(TARGET_NAME)";
				TEST_HOST = "$(BUILT_PRODUCTS_DIR)/Streaming.app/Streaming";
			};
			name = Debug;
		};
		BDDBC2B51A0E925000C1D2C9 /* Release */ = {
			isa = XCBuildConfiguration;
			buildSettings = {
				BUNDLE_LOADER = "$(TEST_HOST)";
				FRAMEWORK_SEARCH_PATHS = (
					"$(SDKROOT)/Developer/Library/Frameworks",
					"$(inherited)",
				);
				INFOPLIST_FILE = StreamingTests/Info.plist;
				LD_RUNPATH_SEARCH_PATHS = "$(inherited) @executable_path/Frameworks @loader_path/Frameworks";
				PRODUCT_NAME = "$(TARGET_NAME)";
				TEST_HOST = "$(BUILT_PRODUCTS_DIR)/Streaming.app/Streaming";
			};
			name = Release;
		};
/* End XCBuildConfiguration section */

/* Begin XCConfigurationList section */
		BDDBC2881A0E925000C1D2C9 /* Build configuration list for PBXProject "Streaming" */ = {
			isa = XCConfigurationList;
			buildConfigurations = (
				BDDBC2AE1A0E925000C1D2C9 /* Debug */,
				BDDBC2AF1A0E925000C1D2C9 /* Release */,
			);
			defaultConfigurationIsVisible = 0;
			defaultConfigurationName = Release;
		};
		BDDBC2B01A0E925000C1D2C9 /* Build configuration list for PBXNativeTarget "Streaming" */ = {
			isa = XCConfigurationList;
			buildConfigurations = (
				BDDBC2B11A0E925000C1D2C9 /* Debug */,
				BDDBC2B21A0E925000C1D2C9 /* Release */,
			);
			defaultConfigurationIsVisible = 0;
			defaultConfigurationName = Release;
		};
		BDDBC2B31A0E925000C1D2C9 /* Build configuration list for PBXNativeTarget "StreamingTests" */ = {
			isa = XCConfigurationList;
			buildConfigurations = (
				BDDBC2B41A0E925000C1D2C9 /* Debug */,
				BDDBC2B51A0E925000C1D2C9 /* Release */,
			);
			defaultConfigurationIsVisible = 0;
			defaultConfigurationName = Release;
		};
/* End XCConfigurationList section */
	};
	rootObject = BDDBC2851A0E925000C1D2C9 /* Project object */;
}
